
Microsoft Visual Studio Solution File, Format Version 12.00
# Visual Studio Version 17
VisualStudioVersion = 17.13.35825.156 d17.13
MinimumVisualStudioVersion = 10.0.40219.1
Project("{FAE04EC0-301F-11D3-BF4B-00C04F79EFBC}") = "AppService", "AppService\AppService.csproj", "{886E1BCC-4067-4EF9-9B79-6A88578D7A0B}"
EndProject
Project("{FAE04EC0-301F-11D3-BF4B-00C04F79EFBC}") = "Infrastructure", "Infrastructure\Infrastructure.csproj", "{13FAB600-CD33-4CAE-8628-2E1D7790EB0F}"
EndProject
Project("{FAE04EC0-301F-11D3-BF4B-00C04F79EFBC}") = "Domain", "Domain\Domain.csproj", "{4CE4DC76-5893-4E7B-BBE2-F71B11206D97}"
EndProject
Project("{FAE04EC0-301F-11D3-BF4B-00C04F79EFBC}") = "StudyPlanner", "StudyPlanner\StudyPlanner.csproj", "{79968B1A-D48F-4F07-BA27-B4BF751DDF59}"
EndProject
Global
	GlobalSection(SolutionConfigurationPlatforms) = preSolution
		Debug|Any CPU = Debug|Any CPU
		Release|Any CPU = Release|Any CPU
	EndGlobalSection
	GlobalSection(ProjectConfigurationPlatforms) = postSolution
		{886E1BCC-4067-4EF9-9B79-6A88578D7A0B}.Debug|Any CPU.ActiveCfg = Debug|Any CPU
		{886E1BCC-4067-4EF9-9B79-6A88578D7A0B}.Debug|Any CPU.Build.0 = Debug|Any CPU
		{886E1BCC-4067-4EF9-9B79-6A88578D7A0B}.Release|Any CPU.ActiveCfg = Release|Any CPU
		{886E1BCC-4067-4EF9-9B79-6A88578D7A0B}.Release|Any CPU.Build.0 = Release|Any CPU
		{13FAB600-CD33-4CAE-8628-2E1D7790EB0F}.Debug|Any CPU.ActiveCfg = Debug|Any CPU
		{13FAB600-CD33-4CAE-8628-2E1D7790EB0F}.Debug|Any CPU.Build.0 = Debug|Any CPU
		{13FAB600-CD33-4CAE-8628-2E1D7790EB0F}.Release|Any CPU.ActiveCfg = Release|Any CPU
		{13FAB600-CD33-4CAE-8628-2E1D7790EB0F}.Release|Any CPU.Build.0 = Release|Any CPU
		{4CE4DC76-5893-4E7B-BBE2-F71B11206D97}.Debug|Any CPU.ActiveCfg = Debug|Any CPU
		{4CE4DC76-5893-4E7B-BBE2-F71B11206D97}.Debug|Any CPU.Build.0 = Debug|Any CPU
		{4CE4DC76-5893-4E7B-BBE2-F71B11206D97}.Release|Any CPU.ActiveCfg = Release|Any CPU
		{4CE4DC76-5893-4E7B-BBE2-F71B11206D97}.Release|Any CPU.Build.0 = Release|Any CPU
		{79968B1A-D48F-4F07-BA27-B4BF751DDF59}.Debug|Any CPU.ActiveCfg = Debug|Any CPU
		{79968B1A-D48F-4F07-BA27-B4BF751DDF59}.Debug|Any CPU.Build.0 = Debug|Any CPU
		{79968B1A-D48F-4F07-BA27-B4BF751DDF59}.Release|Any CPU.ActiveCfg = Release|Any CPU
		{79968B1A-D48F-4F07-BA27-B4BF751DDF59}.Release|Any CPU.Build.0 = Release|Any CPU
	EndGlobalSection
	GlobalSection(SolutionProperties) = preSolution
		HideSolutionNode = FALSE
	EndGlobalSection
	GlobalSection(ExtensibilityGlobals) = postSolution
		SolutionGuid = {436B1C55-B6D4-44F0-89A2-712B8F8AB689}
	EndGlobalSection
EndGlobal
